
Microsoft Visual Studio Solution File, Format Version 12.00
# Visual Studio Version 16
VisualStudioVersion = 16.0.30711.63
MinimumVisualStudioVersion = 10.0.40219.1
Project("{2150E333-8FDC-42A3-9474-1A3956D46DE8}") = "Satellite", "Satellite", "{5A57C771-1326-4671-96C9-F8965E9ADD7D}"
EndProject
Project("{2150E333-8FDC-42A3-9474-1A3956D46DE8}") = "Api", "Api", "{61781612-32B3-49CB-BE18-149A5AC7FDD2}"
EndProject
Project("{2150E333-8FDC-42A3-9474-1A3956D46DE8}") = "Services", "Services", "{D4C6DFF2-7A73-42FC-B367-7B1E363B3E0E}"
EndProject
Project("{2150E333-8FDC-42A3-9474-1A3956D46DE8}") = "Persistence", "Persistence", "{5FCBDEA7-E182-493F-83A1-C152306FB1BA}"
EndProject
Project("{2150E333-8FDC-42A3-9474-1A3956D46DE8}") = "Models", "Models", "{26AA7A2D-0EA2-4F2A-B461-7503705BECB4}"
EndProject
Project("{2150E333-8FDC-42A3-9474-1A3956D46DE8}") = "Common", "Common", "{3B430419-3E0D-4090-904C-9AAACE8B545F}"
EndProject
Project("{2150E333-8FDC-42A3-9474-1A3956D46DE8}") = "Testing", "Testing", "{4507A816-E2E5-4A70-B12C-A718B485ADD3}"
EndProject
Project("{9A19103F-16F7-4668-BE54-9A1E7A4F7556}") = "Satellite.Domain", "src\Services\Satellite\Satellite.Domain\Satellite.Domain.csproj", "{EB20EC14-E21C-40EC-ACC7-C66F649E7152}"
EndProject
Project("{9A19103F-16F7-4668-BE54-9A1E7A4F7556}") = "Satellite.Common", "src\Services\Satellite\Satellite.Common\Satellite.Common.csproj", "{5AF97816-41D3-4F13-97DE-8350F95A0DAE}"
EndProject
Project("{9A19103F-16F7-4668-BE54-9A1E7A4F7556}") = "Satellite.Api", "src\Services\Satellite\Satellite.Api\Satellite.Api.csproj", "{2E45A0E9-1C92-4DBD-9374-C3A076FD72B7}"
EndProject
Project("{9A19103F-16F7-4668-BE54-9A1E7A4F7556}") = "Satellite.Service.EventHandlers", "src\Services\Satellite\Satellite.Service.EventHandlers\Satellite.Service.EventHandlers.csproj", "{CAE4150E-F3DC-42C2-8F7F-BD9B4F83615B}"
EndProject
Project("{9A19103F-16F7-4668-BE54-9A1E7A4F7556}") = "Satellite.Persistence.Database", "src\Services\Satellite\Satellite.Persistence.Database\Satellite.Persistence.Database.csproj", "{37C5DB86-C031-433C-8B22-BCE822955E72}"
EndProject
Project("{9A19103F-16F7-4668-BE54-9A1E7A4F7556}") = "Satellite.Service.Queries", "src\Services\Satellite\Satellite.Service.Queries\Satellite.Service.Queries.csproj", "{64D01172-143E-4713-BA0A-83B9E15A1E0C}"
EndProject
Project("{2150E333-8FDC-42A3-9474-1A3956D46DE8}") = "Common", "Common", "{65EC01A1-4FE0-46D2-BC39-0BB745961B68}"
EndProject
Project("{9A19103F-16F7-4668-BE54-9A1E7A4F7556}") = "Service.Common.Collection", "src\Services\Service.Common.Collection\Service.Common.Collection.csproj", "{278302CE-4F55-4E50-8432-4EF9FD57D08B}"
EndProject
Project("{9A19103F-16F7-4668-BE54-9A1E7A4F7556}") = "Service.Common.Mapping", "src\Services\Service.Common.Mapping\Service.Common.Mapping.csproj", "{1D4CF09B-8FA7-43C6-8771-063BF3C9F5F4}"
EndProject
Project("{9A19103F-16F7-4668-BE54-9A1E7A4F7556}") = "Service.Common.Paging", "src\Services\Service.Common.Paging\Service.Common.Paging.csproj", "{0F3C8668-D2DF-418C-A416-E9DD8219AE95}"
EndProject
Project("{FAE04EC0-301F-11D3-BF4B-00C04F79EFBC}") = "Satellite.Test", "src\Services\Satellite\Satellite.Test\Satellite.Test.csproj", "{9BB644E7-348F-4C7F-A207-91DB7264E954}"
EndProject
Global
	GlobalSection(SolutionConfigurationPlatforms) = preSolution
		Debug|Any CPU = Debug|Any CPU
		Release|Any CPU = Release|Any CPU
	EndGlobalSection
	GlobalSection(ProjectConfigurationPlatforms) = postSolution
		{EB20EC14-E21C-40EC-ACC7-C66F649E7152}.Debug|Any CPU.ActiveCfg = Debug|Any CPU
		{EB20EC14-E21C-40EC-ACC7-C66F649E7152}.Debug|Any CPU.Build.0 = Debug|Any CPU
		{EB20EC14-E21C-40EC-ACC7-C66F649E7152}.Release|Any CPU.ActiveCfg = Release|Any CPU
		{EB20EC14-E21C-40EC-ACC7-C66F649E7152}.Release|Any CPU.Build.0 = Release|Any CPU
		{5AF97816-41D3-4F13-97DE-8350F95A0DAE}.Debug|Any CPU.ActiveCfg = Debug|Any CPU
		{5AF97816-41D3-4F13-97DE-8350F95A0DAE}.Debug|Any CPU.Build.0 = Debug|Any CPU
		{5AF97816-41D3-4F13-97DE-8350F95A0DAE}.Release|Any CPU.ActiveCfg = Release|Any CPU
		{5AF97816-41D3-4F13-97DE-8350F95A0DAE}.Release|Any CPU.Build.0 = Release|Any CPU
		{2E45A0E9-1C92-4DBD-9374-C3A076FD72B7}.Debug|Any CPU.ActiveCfg = Debug|Any CPU
		{2E45A0E9-1C92-4DBD-9374-C3A076FD72B7}.Debug|Any CPU.Build.0 = Debug|Any CPU
		{2E45A0E9-1C92-4DBD-9374-C3A076FD72B7}.Release|Any CPU.ActiveCfg = Release|Any CPU
		{2E45A0E9-1C92-4DBD-9374-C3A076FD72B7}.Release|Any CPU.Build.0 = Release|Any CPU
		{CAE4150E-F3DC-42C2-8F7F-BD9B4F83615B}.Debug|Any CPU.ActiveCfg = Debug|Any CPU
		{CAE4150E-F3DC-42C2-8F7F-BD9B4F83615B}.Debug|Any CPU.Build.0 = Debug|Any CPU
		{CAE4150E-F3DC-42C2-8F7F-BD9B4F83615B}.Release|Any CPU.ActiveCfg = Release|Any CPU
		{CAE4150E-F3DC-42C2-8F7F-BD9B4F83615B}.Release|Any CPU.Build.0 = Release|Any CPU
		{37C5DB86-C031-433C-8B22-BCE822955E72}.Debug|Any CPU.ActiveCfg = Debug|Any CPU
		{37C5DB86-C031-433C-8B22-BCE822955E72}.Debug|Any CPU.Build.0 = Debug|Any CPU
		{37C5DB86-C031-433C-8B22-BCE822955E72}.Release|Any CPU.ActiveCfg = Release|Any CPU
		{37C5DB86-C031-433C-8B22-BCE822955E72}.Release|Any CPU.Build.0 = Release|Any CPU
		{64D01172-143E-4713-BA0A-83B9E15A1E0C}.Debug|Any CPU.ActiveCfg = Debug|Any CPU
		{64D01172-143E-4713-BA0A-83B9E15A1E0C}.Debug|Any CPU.Build.0 = Debug|Any CPU
		{64D01172-143E-4713-BA0A-83B9E15A1E0C}.Release|Any CPU.ActiveCfg = Release|Any CPU
		{64D01172-143E-4713-BA0A-83B9E15A1E0C}.Release|Any CPU.Build.0 = Release|Any CPU
		{278302CE-4F55-4E50-8432-4EF9FD57D08B}.Debug|Any CPU.ActiveCfg = Debug|Any CPU
		{278302CE-4F55-4E50-8432-4EF9FD57D08B}.Debug|Any CPU.Build.0 = Debug|Any CPU
		{278302CE-4F55-4E50-8432-4EF9FD57D08B}.Release|Any CPU.ActiveCfg = Release|Any CPU
		{278302CE-4F55-4E50-8432-4EF9FD57D08B}.Release|Any CPU.Build.0 = Release|Any CPU
		{1D4CF09B-8FA7-43C6-8771-063BF3C9F5F4}.Debug|Any CPU.ActiveCfg = Debug|Any CPU
		{1D4CF09B-8FA7-43C6-8771-063BF3C9F5F4}.Debug|Any CPU.Build.0 = Debug|Any CPU
		{1D4CF09B-8FA7-43C6-8771-063BF3C9F5F4}.Release|Any CPU.ActiveCfg = Release|Any CPU
		{1D4CF09B-8FA7-43C6-8771-063BF3C9F5F4}.Release|Any CPU.Build.0 = Release|Any CPU
		{0F3C8668-D2DF-418C-A416-E9DD8219AE95}.Debug|Any CPU.ActiveCfg = Debug|Any CPU
		{0F3C8668-D2DF-418C-A416-E9DD8219AE95}.Debug|Any CPU.Build.0 = Debug|Any CPU
		{0F3C8668-D2DF-418C-A416-E9DD8219AE95}.Release|Any CPU.ActiveCfg = Release|Any CPU
		{0F3C8668-D2DF-418C-A416-E9DD8219AE95}.Release|Any CPU.Build.0 = Release|Any CPU
		{9BB644E7-348F-4C7F-A207-91DB7264E954}.Debug|Any CPU.ActiveCfg = Debug|Any CPU
		{9BB644E7-348F-4C7F-A207-91DB7264E954}.Debug|Any CPU.Build.0 = Debug|Any CPU
		{9BB644E7-348F-4C7F-A207-91DB7264E954}.Release|Any CPU.ActiveCfg = Release|Any CPU
		{9BB644E7-348F-4C7F-A207-91DB7264E954}.Release|Any CPU.Build.0 = Release|Any CPU
	EndGlobalSection
	GlobalSection(SolutionProperties) = preSolution
		HideSolutionNode = FALSE
	EndGlobalSection
	GlobalSection(NestedProjects) = preSolution
		{61781612-32B3-49CB-BE18-149A5AC7FDD2} = {5A57C771-1326-4671-96C9-F8965E9ADD7D}
		{D4C6DFF2-7A73-42FC-B367-7B1E363B3E0E} = {5A57C771-1326-4671-96C9-F8965E9ADD7D}
		{5FCBDEA7-E182-493F-83A1-C152306FB1BA} = {5A57C771-1326-4671-96C9-F8965E9ADD7D}
		{26AA7A2D-0EA2-4F2A-B461-7503705BECB4} = {5A57C771-1326-4671-96C9-F8965E9ADD7D}
		{3B430419-3E0D-4090-904C-9AAACE8B545F} = {5A57C771-1326-4671-96C9-F8965E9ADD7D}
		{4507A816-E2E5-4A70-B12C-A718B485ADD3} = {5A57C771-1326-4671-96C9-F8965E9ADD7D}
		{EB20EC14-E21C-40EC-ACC7-C66F649E7152} = {26AA7A2D-0EA2-4F2A-B461-7503705BECB4}
		{5AF97816-41D3-4F13-97DE-8350F95A0DAE} = {3B430419-3E0D-4090-904C-9AAACE8B545F}
		{2E45A0E9-1C92-4DBD-9374-C3A076FD72B7} = {61781612-32B3-49CB-BE18-149A5AC7FDD2}
		{CAE4150E-F3DC-42C2-8F7F-BD9B4F83615B} = {D4C6DFF2-7A73-42FC-B367-7B1E363B3E0E}
		{37C5DB86-C031-433C-8B22-BCE822955E72} = {5FCBDEA7-E182-493F-83A1-C152306FB1BA}
		{64D01172-143E-4713-BA0A-83B9E15A1E0C} = {D4C6DFF2-7A73-42FC-B367-7B1E363B3E0E}
		{278302CE-4F55-4E50-8432-4EF9FD57D08B} = {65EC01A1-4FE0-46D2-BC39-0BB745961B68}
		{1D4CF09B-8FA7-43C6-8771-063BF3C9F5F4} = {65EC01A1-4FE0-46D2-BC39-0BB745961B68}
		{0F3C8668-D2DF-418C-A416-E9DD8219AE95} = {65EC01A1-4FE0-46D2-BC39-0BB745961B68}
		{9BB644E7-348F-4C7F-A207-91DB7264E954} = {4507A816-E2E5-4A70-B12C-A718B485ADD3}
	EndGlobalSection
	GlobalSection(ExtensibilityGlobals) = postSolution
		SolutionGuid = {2E005546-0C7F-42ED-A769-00E7ADF34030}
	EndGlobalSection
EndGlobal
